
Microsoft Visual Studio Solution File, Format Version 12.00
# Visual Studio 15
VisualStudioVersion = 15.0.28307.329
MinimumVisualStudioVersion = 10.0.40219.1
Project("{FAE04EC0-301F-11D3-BF4B-00C04F79EFBC}") = "Exercise2_Books", "Exercise2_Books\Exercise2_Books.csproj", "{731D1E0B-CA42-43E3-A1EE-0C408CD99BD3}"
EndProject
Global
	GlobalSection(SolutionConfigurationPlatforms) = preSolution
		Debug|Any CPU = Debug|Any CPU
		Release|Any CPU = Release|Any CPU
	EndGlobalSection
	GlobalSection(ProjectConfigurationPlatforms) = postSolution
		{731D1E0B-CA42-43E3-A1EE-0C408CD99BD3}.Debug|Any CPU.ActiveCfg = Debug|Any CPU
		{731D1E0B-CA42-43E3-A1EE-0C408CD99BD3}.Debug|Any CPU.Build.0 = Debug|Any CPU
		{731D1E0B-CA42-43E3-A1EE-0C408CD99BD3}.Release|Any CPU.ActiveCfg = Release|Any CPU
		{731D1E0B-CA42-43E3-A1EE-0C408CD99BD3}.Release|Any CPU.Build.0 = Release|Any CPU
	EndGlobalSection
	GlobalSection(SolutionProperties) = preSolution
		HideSolutionNode = FALSE
	EndGlobalSection
	GlobalSection(ExtensibilityGlobals) = postSolution
		SolutionGuid = {94F2139F-D8B8-4EE6-98F6-43D8A4407951}
	EndGlobalSection
EndGlobal
